
Microsoft Visual Studio Solution File, Format Version 12.00
# Visual Studio Version 17
VisualStudioVersion = 17.10.35027.167
MinimumVisualStudioVersion = 10.0.40219.1
Project("{FAE04EC0-301F-11D3-BF4B-00C04F79EFBC}") = "Domain", "Dao\Domain.csproj", "{BF7F6AEE-C076-4583-AD0A-137726DF28BA}"
EndProject
Project("{FAE04EC0-301F-11D3-BF4B-00C04F79EFBC}") = "Logic", "Logic\Logic.csproj", "{27578FAC-7A7F-4AFA-8F6B-4B48E998F948}"
EndProject
Project("{FAE04EC0-301F-11D3-BF4B-00C04F79EFBC}") = "Services", "Services\Services.csproj", "{A1F68B94-A8B6-43D9-8D35-3AE9B4D411BE}"
EndProject
Project("{9A19103F-16F7-4668-BE54-9A1E7A4F7556}") = "UI", "UI\UI.csproj", "{5E80B072-6BBF-43B8-A729-1C01216D15AF}"
EndProject
Project("{FAE04EC0-301F-11D3-BF4B-00C04F79EFBC}") = "UI-Consola", "UI-Consola\UI-Consola.csproj", "{1BFB5D27-5B48-4236-8411-7A467416197C}"
EndProject
Global
	GlobalSection(SolutionConfigurationPlatforms) = preSolution
		Debug|Any CPU = Debug|Any CPU
		Release|Any CPU = Release|Any CPU
	EndGlobalSection
	GlobalSection(ProjectConfigurationPlatforms) = postSolution
		{BF7F6AEE-C076-4583-AD0A-137726DF28BA}.Debug|Any CPU.ActiveCfg = Debug|Any CPU
		{BF7F6AEE-C076-4583-AD0A-137726DF28BA}.Debug|Any CPU.Build.0 = Debug|Any CPU
		{BF7F6AEE-C076-4583-AD0A-137726DF28BA}.Release|Any CPU.ActiveCfg = Release|Any CPU
		{BF7F6AEE-C076-4583-AD0A-137726DF28BA}.Release|Any CPU.Build.0 = Release|Any CPU
		{27578FAC-7A7F-4AFA-8F6B-4B48E998F948}.Debug|Any CPU.ActiveCfg = Debug|Any CPU
		{27578FAC-7A7F-4AFA-8F6B-4B48E998F948}.Debug|Any CPU.Build.0 = Debug|Any CPU
		{27578FAC-7A7F-4AFA-8F6B-4B48E998F948}.Release|Any CPU.ActiveCfg = Release|Any CPU
		{27578FAC-7A7F-4AFA-8F6B-4B48E998F948}.Release|Any CPU.Build.0 = Release|Any CPU
		{A1F68B94-A8B6-43D9-8D35-3AE9B4D411BE}.Debug|Any CPU.ActiveCfg = Debug|Any CPU
		{A1F68B94-A8B6-43D9-8D35-3AE9B4D411BE}.Debug|Any CPU.Build.0 = Debug|Any CPU
		{A1F68B94-A8B6-43D9-8D35-3AE9B4D411BE}.Release|Any CPU.ActiveCfg = Release|Any CPU
		{A1F68B94-A8B6-43D9-8D35-3AE9B4D411BE}.Release|Any CPU.Build.0 = Release|Any CPU
		{5E80B072-6BBF-43B8-A729-1C01216D15AF}.Debug|Any CPU.ActiveCfg = Debug|Any CPU
		{5E80B072-6BBF-43B8-A729-1C01216D15AF}.Debug|Any CPU.Build.0 = Debug|Any CPU
		{5E80B072-6BBF-43B8-A729-1C01216D15AF}.Release|Any CPU.ActiveCfg = Release|Any CPU
		{5E80B072-6BBF-43B8-A729-1C01216D15AF}.Release|Any CPU.Build.0 = Release|Any CPU
		{1BFB5D27-5B48-4236-8411-7A467416197C}.Debug|Any CPU.ActiveCfg = Debug|Any CPU
		{1BFB5D27-5B48-4236-8411-7A467416197C}.Debug|Any CPU.Build.0 = Debug|Any CPU
		{1BFB5D27-5B48-4236-8411-7A467416197C}.Release|Any CPU.ActiveCfg = Release|Any CPU
		{1BFB5D27-5B48-4236-8411-7A467416197C}.Release|Any CPU.Build.0 = Release|Any CPU
	EndGlobalSection
	GlobalSection(SolutionProperties) = preSolution
		HideSolutionNode = FALSE
	EndGlobalSection
	GlobalSection(ExtensibilityGlobals) = postSolution
		SolutionGuid = {C8CA32D2-9998-4A94-860D-D94CC716D9E0}
	EndGlobalSection
EndGlobal
